
Microsoft Visual Studio Solution File, Format Version 12.00
# Visual Studio 15
VisualStudioVersion = 15.0.27703.2042
MinimumVisualStudioVersion = 10.0.40219.1
Project("{9A19103F-16F7-4668-BE54-9A1E7A4F7556}") = "MyCore", "MyCore\MyCore.csproj", "{2FFA5745-C59F-4787-B809-5D478A52F69E}"
EndProject
Project("{9A19103F-16F7-4668-BE54-9A1E7A4F7556}") = "Infrastructure", "Infrastructure\Infrastructure.csproj", "{C2985B65-212D-4570-A5A7-F37E407CD5E0}"
EndProject
Project("{FAE04EC0-301F-11D3-BF4B-00C04F79EFBC}") = "WebApi", "..\WebApi\WebApi.csproj", "{A1FF5E16-C0B8-42D8-A546-52FC68EAC730}"
EndProject
Global
	GlobalSection(SolutionConfigurationPlatforms) = preSolution
		Debug|Any CPU = Debug|Any CPU
		Release|Any CPU = Release|Any CPU
	EndGlobalSection
	GlobalSection(ProjectConfigurationPlatforms) = postSolution
		{2FFA5745-C59F-4787-B809-5D478A52F69E}.Debug|Any CPU.ActiveCfg = Debug|Any CPU
		{2FFA5745-C59F-4787-B809-5D478A52F69E}.Debug|Any CPU.Build.0 = Debug|Any CPU
		{2FFA5745-C59F-4787-B809-5D478A52F69E}.Release|Any CPU.ActiveCfg = Release|Any CPU
		{2FFA5745-C59F-4787-B809-5D478A52F69E}.Release|Any CPU.Build.0 = Release|Any CPU
		{C2985B65-212D-4570-A5A7-F37E407CD5E0}.Debug|Any CPU.ActiveCfg = Debug|Any CPU
		{C2985B65-212D-4570-A5A7-F37E407CD5E0}.Debug|Any CPU.Build.0 = Debug|Any CPU
		{C2985B65-212D-4570-A5A7-F37E407CD5E0}.Release|Any CPU.ActiveCfg = Release|Any CPU
		{C2985B65-212D-4570-A5A7-F37E407CD5E0}.Release|Any CPU.Build.0 = Release|Any CPU
		{A1FF5E16-C0B8-42D8-A546-52FC68EAC730}.Debug|Any CPU.ActiveCfg = Debug|Any CPU
		{A1FF5E16-C0B8-42D8-A546-52FC68EAC730}.Debug|Any CPU.Build.0 = Debug|Any CPU
		{A1FF5E16-C0B8-42D8-A546-52FC68EAC730}.Release|Any CPU.ActiveCfg = Release|Any CPU
		{A1FF5E16-C0B8-42D8-A546-52FC68EAC730}.Release|Any CPU.Build.0 = Release|Any CPU
	EndGlobalSection
	GlobalSection(SolutionProperties) = preSolution
		HideSolutionNode = FALSE
	EndGlobalSection
	GlobalSection(ExtensibilityGlobals) = postSolution
		SolutionGuid = {7482C836-6C88-4B20-AB9B-E81ACF1A7BF9}
	EndGlobalSection
EndGlobal
